version = 1
revision = 3
requires-python = ">=3.13"

[[package]]
name = "attrs"
version = "26.1.0"
source = { registry = "https://pypi.org/simple" }
sdist = { url = "https://files.pythonhosted.org/packages/9a/8e/82a0fe20a541c03148528be8cac2408564a6c9a0cc7e9171802bc1d26985/attrs-26.1.0.tar.gz", hash = "sha256:d03ceb89cb322a8fd706d4fb91940737b6642aa36998fe130a9bc96c985eff32", size = 952055, upload-time = "2026-03-19T14:22:25.026Z" }
wheels = [
    { url = "https://files.pythonhosted.org/packages/64/b4/17d4b0b2a2dc85a6df63d1157e028ed19f90d4cd97c36717afef2bc2f395/attrs-26.1.0-py3-none-any.whl", hash = "sha256:c647aa4a12dfbad9333ca4e71fe62ddc36f4e63b2d260a37a8b83d2f043ac309", size = 67548, upload-time = "2026-03-19T14:22:23.645Z" },
]

[[package]]
name = "cattrs"
version = "26.1.0"
source = { registry = "https://pypi.org/simple" }
dependencies = [
    { name = "attrs" },
    { name = "typing-extensions" },
]
sdist = { url = "https://files.pythonhosted.org/packages/a0/ec/ba18945e7d6e55a58364d9fb2e46049c1c2998b3d805f19b703f14e81057/cattrs-26.1.0.tar.gz", hash = "sha256:fa239e0f0ec0715ba34852ce813986dfed1e12117e209b816ab87401271cdd40", size = 495672, upload-time = "2026-02-18T22:15:19.406Z" }
wheels = [
    { url = "https://files.pythonhosted.org/packages/80/56/60547f7801b97c67e97491dc3d9ade9fbccbd0325058fd3dfcb2f5d98d90/cattrs-26.1.0-py3-none-any.whl", hash = "sha256:d1e0804c42639494d469d08d4f26d6b9de9b8ab26b446db7b5f8c2e97f7c3096", size = 73054, upload-time = "2026-02-18T22:15:17.958Z" },
]

[[package]]
name = "colorama"
version = "0.4.6"
source = { registry = "https://pypi.org/simple" }
sdist = { url = "https://files.pythonhosted.org/packages/d8/53/6f443c9a4a8358a93a6792e2acffb9d9d5cb0a5cfd8802644b7b1c9a02e4/colorama-0.4.6.tar.gz", hash = "sha256:08695f5cb7ed6e0531a20572697297273c47b8cae5a63ffc6d6ed5c201be6e44", size = 27697, upload-time = "2022-10-25T02:36:22.414Z" }
wheels = [
    { url = "https://files.pythonhosted.org/packages/d1/d6/3965ed04c63042e047cb6a3e6ed1a63a35087b6a609aa3a15ed8ac56c221/colorama-0.4.6-py2.py3-none-any.whl", hash = "sha256:4f1d9991f5acc0ca119f9d443620b77f9d6b33703e51011c16baf57afb285fc6", size = 25335, upload-time = "2022-10-25T02:36:20.889Z" },
]

[[package]]
name = "enum-tools"
version = "0.13.0"
source = { registry = "https://pypi.org/simple" }
dependencies = [
    { name = "pygments" },
    { name = "typing-extensions" },
]
sdist = { url = "https://files.pythonhosted.org/packages/6d/87/50091e20c2765aa495b24521844a7d8f7041d48e4f9b47dd928cd38c8606/enum_tools-0.13.0.tar.gz", hash = "sha256:0d13335e361d300dc0f8fd82c8cf9951417246f9676144f5ee1761eb690228eb", size = 18904, upload-time = "2025-04-17T15:26:59.412Z" }
wheels = [
    { url = "https://files.pythonhosted.org/packages/84/45/cf8a8df3ebe78db691ab54525d552085b67658877f0334f4b0c08c43b518/enum_tools-0.13.0-py3-none-any.whl", hash = "sha256:e0112b16767dd08cb94105844b52770eae67ece6f026916a06db4a3d330d2a95", size = 22366, upload-time = "2025-04-17T15:26:58.34Z" },
]

[[package]]
name = "factorio-draftsman"
version = "3.3.0"
source = { registry = "https://pypi.org/simple" }
dependencies = [
    { name = "attrs" },
    { name = "cattrs" },
    { name = "enum-tools" },
    { name = "gitpython" },
    { name = "lupa" },
    { name = "thefuzz" },
    { name = "typing" },
]
sdist = { url = "https://files.pythonhosted.org/packages/fb/5b/72d0cfb8585cff15b4b7e8b21fe808285c96d32926c4a86d43f81ed640f9/factorio_draftsman-3.3.0.tar.gz", hash = "sha256:7f595e649c838ce7b5a89b4677994e6168522bad54815b5e68332728c31c12fa", size = 1854570, upload-time = "2026-02-26T20:39:18.868Z" }
wheels = [
    { url = "https://files.pythonhosted.org/packages/7c/e1/1eb33e1d848422f3cb9c8b0e42dac31b848acad95d14db4e36ee14ef94f1/factorio_draftsman-3.3.0-py3-none-any.whl", hash = "sha256:a51a3206cd4eecdedb1f4ef2868d69afdc5027154263d1db7235edff83b1ddb9", size = 2007627, upload-time = "2026-02-26T20:39:17.041Z" },
]

[[package]]
name = "fucktorio"
version = "0.1.0"
source = { editable = "." }
dependencies = [
    { name = "factorio-draftsman" },
]

[package.optional-dependencies]
dev = [
    { name = "pytest" },
    { name = "ruff" },
]

[package.dev-dependencies]
dev = [
    { name = "pytest" },
    { name = "ruff" },
]

[package.metadata]
requires-dist = [
    { name = "factorio-draftsman", specifier = ">=3.3.0" },
    { name = "pytest", marker = "extra == 'dev'", specifier = ">=9.0" },
    { name = "ruff", marker = "extra == 'dev'", specifier = ">=0.15" },
]
provides-extras = ["dev"]

[package.metadata.requires-dev]
dev = [
    { name = "pytest", specifier = ">=9.0" },
    { name = "ruff", specifier = ">=0.15" },
]

[[package]]
name = "gitdb"
version = "4.0.12"
source = { registry = "https://pypi.org/simple" }
dependencies = [
    { name = "smmap" },
]
sdist = { url = "https://files.pythonhosted.org/packages/72/94/63b0fc47eb32792c7ba1fe1b694daec9a63620db1e313033d18140c2320a/gitdb-4.0.12.tar.gz", hash = "sha256:5ef71f855d191a3326fcfbc0d5da835f26b13fbcba60c32c21091c349ffdb571", size = 394684, upload-time = "2025-01-02T07:20:46.413Z" }
wheels = [
    { url = "https://files.pythonhosted.org/packages/a0/61/5c78b91c3143ed5c14207f463aecfc8f9dbb5092fb2869baf37c273b2705/gitdb-4.0.12-py3-none-any.whl", hash = "sha256:67073e15955400952c6565cc3e707c554a4eea2e428946f7a4c162fab9bd9bcf", size = 62794, upload-time = "2025-01-02T07:20:43.624Z" },
]

[[package]]
name = "gitpython"
version = "3.1.46"
source = { registry = "https://pypi.org/simple" }
dependencies = [
    { name = "gitdb" },
]
sdist = { url = "https://files.pythonhosted.org/packages/df/b5/59d16470a1f0dfe8c793f9ef56fd3826093fc52b3bd96d6b9d6c26c7e27b/gitpython-3.1.46.tar.gz", hash = "sha256:400124c7d0ef4ea03f7310ac2fbf7151e09ff97f2a3288d64a440c584a29c37f", size = 215371, upload-time = "2026-01-01T15:37:32.073Z" }
wheels = [
    { url = "https://files.pythonhosted.org/packages/6a/09/e21df6aef1e1ffc0c816f0522ddc3f6dcded766c3261813131c78a704470/gitpython-3.1.46-py3-none-any.whl", hash = "sha256:79812ed143d9d25b6d176a10bb511de0f9c67b1fa641d82097b0ab90398a2058", size = 208620, upload-time = "2026-01-01T15:37:30.574Z" },
]

[[package]]
name = "iniconfig"
version = "2.3.0"
source = { registry = "https://pypi.org/simple" }
sdist = { url = "https://files.pythonhosted.org/packages/72/34/14ca021ce8e5dfedc35312d08ba8bf51fdd999c576889fc2c24cb97f4f10/iniconfig-2.3.0.tar.gz", hash = "sha256:c76315c77db068650d49c5b56314774a7804df16fee4402c1f19d6d15d8c4730", size = 20503, upload-time = "2025-10-18T21:55:43.219Z" }
wheels = [
    { url = "https://files.pythonhosted.org/packages/cb/b1/3846dd7f199d53cb17f49cba7e651e9ce294d8497c8c150530ed11865bb8/iniconfig-2.3.0-py3-none-any.whl", hash = "sha256:f631c04d2c48c52b84d0d0549c99ff3859c98df65b3101406327ecc7d53fbf12", size = 7484, upload-time = "2025-10-18T21:55:41.639Z" },
]

[[package]]
name = "lupa"
version = "2.6"
source = { registry = "https://pypi.org/simple" }
sdist = { url = "https://files.pythonhosted.org/packages/b8/1c/191c3e6ec6502e3dbe25a53e27f69a5daeac3e56de1f73c0138224171ead/lupa-2.6.tar.gz", hash = "sha256:9a770a6e89576be3447668d7ced312cd6fd41d3c13c2462c9dc2c2ab570e45d9", size = 7240282, upload-time = "2025-10-24T07:20:29.738Z" }
wheels = [
    { url = "https://files.pythonhosted.org/packages/28/1d/21176b682ca5469001199d8b95fa1737e29957a3d185186e7a8b55345f2e/lupa-2.6-cp313-cp313-macosx_11_0_arm64.whl", hash = "sha256:663a6e58a0f60e7d212017d6678639ac8df0119bc13c2145029dcba084391310", size = 947232, upload-time = "2025-10-24T07:18:27.878Z" },
    { url = "https://files.pythonhosted.org/packages/ce/4c/d327befb684660ca13cf79cd1f1d604331808f9f1b6fb6bf57832f8edf80/lupa-2.6-cp313-cp313-macosx_11_0_universal2.whl", hash = "sha256:d1f5afda5c20b1f3217a80e9bc1b77037f8a6eb11612fd3ada19065303c8f380", size = 1908625, upload-time = "2025-10-24T07:18:29.944Z" },
    { url = "https://files.pythonhosted.org/packages/66/8e/ad22b0a19454dfd08662237a84c792d6d420d36b061f239e084f29d1a4f3/lupa-2.6-cp313-cp313-macosx_11_0_x86_64.whl", hash = "sha256:26f2b3c085fe76e9119e48c1013c1cccdc1f51585d456858290475aa38e7089e", size = 981057, upload-time = "2025-10-24T07:18:31.553Z" },
    { url = "https://files.pythonhosted.org/packages/5c/48/74859073ab276bd0566c719f9ca0108b0cfc1956ca0d68678d117d47d155/lupa-2.6-cp313-cp313-manylinux2010_i686.manylinux_2_12_i686.manylinux_2_28_i686.whl", hash = "sha256:60d2f902c7b96fb8ab98493dcff315e7bb4d0b44dc9dd76eb37de575025d5685", size = 1156227, upload-time = "2025-10-24T07:18:33.981Z" },
    { url = "https://files.pythonhosted.org/packages/09/6c/0e9ded061916877253c2266074060eb71ed99fb21d73c8c114a76725bce2/lupa-2.6-cp313-cp313-manylinux2014_aarch64.manylinux_2_17_aarch64.manylinux_2_28_aarch64.whl", hash = "sha256:a02d25dee3a3250967c36590128d9220ae02f2eda166a24279da0b481519cbff", size = 1035752, upload-time = "2025-10-24T07:18:36.32Z" },
    { url = "https://files.pythonhosted.org/packages/dd/ef/f8c32e454ef9f3fe909f6c7d57a39f950996c37a3deb7b391fec7903dab7/lupa-2.6-cp313-cp313-manylinux2014_x86_64.manylinux_2_17_x86_64.manylinux_2_28_x86_64.whl", hash = "sha256:6eae1ee16b886b8914ff292dbefbf2f48abfbdee94b33a88d1d5475e02423203", size = 2069009, upload-time = "2025-10-24T07:18:38.072Z" },
    { url = "https://files.pythonhosted.org/packages/53/dc/15b80c226a5225815a890ee1c11f07968e0aba7a852df41e8ae6fe285063/lupa-2.6-cp313-cp313-musllinux_1_2_aarch64.whl", hash = "sha256:b0edd5073a4ee74ab36f74fe61450148e6044f3952b8d21248581f3c5d1a58be", size = 1056301, upload-time = "2025-10-24T07:18:40.165Z" },
    { url = "https://files.pythonhosted.org/packages/31/14/2086c1425c985acfb30997a67e90c39457122df41324d3c179d6ee2292c6/lupa-2.6-cp313-cp313-musllinux_1_2_i686.whl", hash = "sha256:0c53ee9f22a8a17e7d4266ad48e86f43771951797042dd51d1494aaa4f5f3f0a", size = 1170673, upload-time = "2025-10-24T07:18:42.426Z" },
    { url = "https://files.pythonhosted.org/packages/10/e5/b216c054cf86576c0191bf9a9f05de6f7e8e07164897d95eea0078dca9b2/lupa-2.6-cp313-cp313-musllinux_1_2_x86_64.whl", hash = "sha256:de7c0f157a9064a400d828789191a96da7f4ce889969a588b87ec80de9b14772", size = 2162227, upload-time = "2025-10-24T07:18:46.112Z" },
    { url = "https://files.pythonhosted.org/packages/59/2f/33ecb5bedf4f3bc297ceacb7f016ff951331d352f58e7e791589609ea306/lupa-2.6-cp313-cp313-win32.whl", hash = "sha256:ee9523941ae0a87b5b703417720c5d78f72d2f5bc23883a2ea80a949a3ed9e75", size = 1419558, upload-time = "2025-10-24T07:18:48.371Z" },
    { url = "https://files.pythonhosted.org/packages/f9/b4/55e885834c847ea610e111d87b9ed4768f0afdaeebc00cd46810f25029f6/lupa-2.6-cp313-cp313-win_amd64.whl", hash = "sha256:b1335a5835b0a25ebdbc75cf0bda195e54d133e4d994877ef025e218c2e59db9", size = 1683424, upload-time = "2025-10-24T07:18:50.976Z" },
    { url = "https://files.pythonhosted.org/packages/66/9d/d9427394e54d22a35d1139ef12e845fd700d4872a67a34db32516170b746/lupa-2.6-cp314-cp314-macosx_11_0_arm64.whl", hash = "sha256:dcb6d0a3264873e1653bc188499f48c1fb4b41a779e315eba45256cfe7bc33c1", size = 953818, upload-time = "2025-10-24T07:18:53.378Z" },
    { url = "https://files.pythonhosted.org/packages/10/41/27bbe81953fb2f9ecfced5d9c99f85b37964cfaf6aa8453bb11283983721/lupa-2.6-cp314-cp314-macosx_11_0_universal2.whl", hash = "sha256:a37e01f2128f8c36106726cb9d360bac087d58c54b4522b033cc5691c584db18", size = 1915850, upload-time = "2025-10-24T07:18:55.259Z" },
    { url = "https://files.pythonhosted.org/packages/a3/98/f9ff60db84a75ba8725506bbf448fb085bc77868a021998ed2a66d920568/lupa-2.6-cp314-cp314-macosx_11_0_x86_64.whl", hash = "sha256:458bd7e9ff3c150b245b0fcfbb9bd2593d1152ea7f0a7b91c1d185846da033fe", size = 982344, upload-time = "2025-10-24T07:18:57.05Z" },
    { url = "https://files.pythonhosted.org/packages/41/f7/f39e0f1c055c3b887d86b404aaf0ca197b5edfd235a8b81b45b25bac7fc3/lupa-2.6-cp314-cp314-manylinux2010_i686.manylinux_2_12_i686.manylinux_2_28_i686.whl", hash = "sha256:052ee82cac5206a02df77119c325339acbc09f5ce66967f66a2e12a0f3211cad", size = 1156543, upload-time = "2025-10-24T07:18:59.251Z" },
    { url = "https://files.pythonhosted.org/packages/9e/9c/59e6cffa0d672d662ae17bd7ac8ecd2c89c9449dee499e3eb13ca9cd10d9/lupa-2.6-cp314-cp314-manylinux2014_aarch64.manylinux_2_17_aarch64.manylinux_2_28_aarch64.whl", hash = "sha256:96594eca3c87dd07938009e95e591e43d554c1dbd0385be03c100367141db5a8", size = 1047974, upload-time = "2025-10-24T07:19:01.449Z" },
    { url = "https://files.pythonhosted.org/packages/23/c6/a04e9cef7c052717fcb28fb63b3824802488f688391895b618e39be0f684/lupa-2.6-cp314-cp314-manylinux2014_x86_64.manylinux_2_17_x86_64.manylinux_2_28_x86_64.whl", hash = "sha256:e8faddd9d198688c8884091173a088a8e920ecc96cda2ffed576a23574c4b3f6", size = 2073458, upload-time = "2025-10-24T07:19:03.369Z" },
    { url = "https://files.pythonhosted.org/packages/e6/10/824173d10f38b51fc77785228f01411b6ca28826ce27404c7c912e0e442c/lupa-2.6-cp314-cp314-musllinux_1_2_aarch64.whl", hash = "sha256:daebb3a6b58095c917e76ba727ab37b27477fb926957c825205fbda431552134", size = 1067683, upload-time = "2025-10-24T07:19:06.2Z" },
    { url = "https://files.pythonhosted.org/packages/b6/dc/9692fbcf3c924d9c4ece2d8d2f724451ac2e09af0bd2a782db1cef34e799/lupa-2.6-cp314-cp314-musllinux_1_2_i686.whl", hash = "sha256:f3154e68972befe0f81564e37d8142b5d5d79931a18309226a04ec92487d4ea3", size = 1171892, upload-time = "2025-10-24T07:19:08.544Z" },
    { url = "https://files.pythonhosted.org/packages/84/ff/e318b628d4643c278c96ab3ddea07fc36b075a57383c837f5b11e537ba9d/lupa-2.6-cp314-cp314-musllinux_1_2_x86_64.whl", hash = "sha256:e4dadf77b9fedc0bfa53417cc28dc2278a26d4cbd95c29f8927ad4d8fe0a7ef9", size = 2166641, upload-time = "2025-10-24T07:19:10.485Z" },
    { url = "https://files.pythonhosted.org/packages/12/f7/a6f9ec2806cf2d50826980cdb4b3cffc7691dc6f95e13cc728846d5cb793/lupa-2.6-cp314-cp314-win32.whl", hash = "sha256:cb34169c6fa3bab3e8ac58ca21b8a7102f6a94b6a5d08d3636312f3f02fafd8f", size = 1456857, upload-time = "2025-10-24T07:19:37.989Z" },
    { url = "https://files.pythonhosted.org/packages/c5/de/df71896f25bdc18360fdfa3b802cd7d57d7fede41a0e9724a4625b412c85/lupa-2.6-cp314-cp314-win_amd64.whl", hash = "sha256:b74f944fe46c421e25d0f8692aef1e842192f6f7f68034201382ac440ef9ea67", size = 1731191, upload-time = "2025-10-24T07:19:40.281Z" },
    { url = "https://files.pythonhosted.org/packages/47/3c/a1f23b01c54669465f5f4c4083107d496fbe6fb45998771420e9aadcf145/lupa-2.6-cp314-cp314t-macosx_11_0_arm64.whl", hash = "sha256:0e21b716408a21ab65723f8841cf7f2f37a844b7a965eeabb785e27fca4099cf", size = 999343, upload-time = "2025-10-24T07:19:12.519Z" },
    { url = "https://files.pythonhosted.org/packages/c5/6d/501994291cb640bfa2ccf7f554be4e6914afa21c4026bd01bff9ca8aac57/lupa-2.6-cp314-cp314t-macosx_11_0_universal2.whl", hash = "sha256:589db872a141bfff828340079bbdf3e9a31f2689f4ca0d88f97d9e8c2eae6142", size = 2000730, upload-time = "2025-10-24T07:19:14.869Z" },
    { url = "https://files.pythonhosted.org/packages/53/a5/457ffb4f3f20469956c2d4c4842a7675e884efc895b2f23d126d23e126cc/lupa-2.6-cp314-cp314t-macosx_11_0_x86_64.whl", hash = "sha256:cd852a91a4a9d4dcbb9a58100f820a75a425703ec3e3f049055f60b8533b7953", size = 1021553, upload-time = "2025-10-24T07:19:17.123Z" },
    { url = "https://files.pythonhosted.org/packages/51/6b/36bb5a5d0960f2a5c7c700e0819abb76fd9bf9c1d8a66e5106416d6e9b14/lupa-2.6-cp314-cp314t-manylinux2010_i686.manylinux_2_12_i686.manylinux_2_28_i686.whl", hash = "sha256:0334753be028358922415ca97a64a3048e4ed155413fc4eaf87dd0a7e2752983", size = 1133275, upload-time = "2025-10-24T07:19:20.51Z" },
    { url = "https://files.pythonhosted.org/packages/19/86/202ff4429f663013f37d2229f6176ca9f83678a50257d70f61a0a97281bf/lupa-2.6-cp314-cp314t-manylinux2014_aarch64.manylinux_2_17_aarch64.manylinux_2_28_aarch64.whl", hash = "sha256:661d895cd38c87658a34780fac54a690ec036ead743e41b74c3fb81a9e65a6aa", size = 1038441, upload-time = "2025-10-24T07:19:22.509Z" },
    { url = "https://files.pythonhosted.org/packages/a7/42/d8125f8e420714e5b52e9c08d88b5329dfb02dcca731b4f21faaee6cc5b5/lupa-2.6-cp314-cp314t-manylinux2014_x86_64.manylinux_2_17_x86_64.manylinux_2_28_x86_64.whl", hash = "sha256:6aa58454ccc13878cc177c62529a2056be734da16369e451987ff92784994ca7", size = 2058324, upload-time = "2025-10-24T07:19:24.979Z" },
    { url = "https://files.pythonhosted.org/packages/2b/2c/47bf8b84059876e877a339717ddb595a4a7b0e8740bacae78ba527562e1c/lupa-2.6-cp314-cp314t-musllinux_1_2_aarch64.whl", hash = "sha256:1425017264e470c98022bba8cff5bd46d054a827f5df6b80274f9cc71dafd24f", size = 1060250, upload-time = "2025-10-24T07:19:27.262Z" },
    { url = "https://files.pythonhosted.org/packages/c2/06/d88add2b6406ca1bdec99d11a429222837ca6d03bea42ca75afa169a78cb/lupa-2.6-cp314-cp314t-musllinux_1_2_i686.whl", hash = "sha256:224af0532d216e3105f0a127410f12320f7c5f1aa0300bdf9646b8d9afb0048c", size = 1151126, upload-time = "2025-10-24T07:19:29.522Z" },
    { url = "https://files.pythonhosted.org/packages/b4/a0/89e6a024c3b4485b89ef86881c9d55e097e7cb0bdb74efb746f2fa6a9a76/lupa-2.6-cp314-cp314t-musllinux_1_2_x86_64.whl", hash = "sha256:9abb98d5a8fd27c8285302e82199f0e56e463066f88f619d6594a450bf269d80", size = 2153693, upload-time = "2025-10-24T07:19:31.379Z" },
    { url = "https://files.pythonhosted.org/packages/b6/36/a0f007dc58fc1bbf51fb85dcc82fcb1f21b8c4261361de7dab0e3d8521ef/lupa-2.6-cp314-cp314t-win32.whl", hash = "sha256:1849efeba7a8f6fb8aa2c13790bee988fd242ae404bd459509640eeea3d1e291", size = 1590104, upload-time = "2025-10-24T07:19:33.514Z" },
    { url = "https://files.pythonhosted.org/packages/7d/5e/db903ce9cf82c48d6b91bf6d63ae4c8d0d17958939a4e04ba6b9f38b8643/lupa-2.6-cp314-cp314t-win_amd64.whl", hash = "sha256:fc1498d1a4fc028bc521c26d0fad4ca00ed63b952e32fb95949bda76a04bad52", size = 1913818, upload-time = "2025-10-24T07:19:36.039Z" },
]

[[package]]
name = "packaging"
version = "26.0"
source = { registry = "https://pypi.org/simple" }
sdist = { url = "https://files.pythonhosted.org/packages/65/ee/299d360cdc32edc7d2cf530f3accf79c4fca01e96ffc950d8a52213bd8e4/packaging-26.0.tar.gz", hash = "sha256:00243ae351a257117b6a241061796684b084ed1c516a08c48a3f7e147a9d80b4", size = 143416, upload-time = "2026-01-21T20:50:39.064Z" }
wheels = [
    { url = "https://files.pythonhosted.org/packages/b7/b9/c538f279a4e237a006a2c98387d081e9eb060d203d8ed34467cc0f0b9b53/packaging-26.0-py3-none-any.whl", hash = "sha256:b36f1fef9334a5588b4166f8bcd26a14e521f2b55e6b9de3aaa80d3ff7a37529", size = 74366, upload-time = "2026-01-21T20:50:37.788Z" },
]

[[package]]
name = "pluggy"
version = "1.6.0"
source = { registry = "https://pypi.org/simple" }
sdist = { url = "https://files.pythonhosted.org/packages/f9/e2/3e91f31a7d2b083fe6ef3fa267035b518369d9511ffab804f839851d2779/pluggy-1.6.0.tar.gz", hash = "sha256:7dcc130b76258d33b90f61b658791dede3486c3e6bfb003ee5c9bfb396dd22f3", size = 69412, upload-time = "2025-05-15T12:30:07.975Z" }
wheels = [
    { url = "https://files.pythonhosted.org/packages/54/20/4d324d65cc6d9205fabedc306948156824eb9f0ee1633355a8f7ec5c66bf/pluggy-1.6.0-py3-none-any.whl", hash = "sha256:e920276dd6813095e9377c0bc5566d94c932c33b27a3e3945d8389c374dd4746", size = 20538, upload-time = "2025-05-15T12:30:06.134Z" },
]

[[package]]
name = "pygments"
version = "2.20.0"
source = { registry = "https://pypi.org/simple" }
sdist = { url = "https://files.pythonhosted.org/packages/c3/b2/bc9c9196916376152d655522fdcebac55e66de6603a76a02bca1b6414f6c/pygments-2.20.0.tar.gz", hash = "sha256:6757cd03768053ff99f3039c1a36d6c0aa0b263438fcab17520b30a303a82b5f", size = 4955991, upload-time = "2026-03-29T13:29:33.898Z" }
wheels = [
    { url = "https://files.pythonhosted.org/packages/f4/7e/a72dd26f3b0f4f2bf1dd8923c85f7ceb43172af56d63c7383eb62b332364/pygments-2.20.0-py3-none-any.whl", hash = "sha256:81a9e26dd42fd28a23a2d169d86d7ac03b46e2f8b59ed4698fb4785f946d0176", size = 1231151, upload-time = "2026-03-29T13:29:30.038Z" },
]

[[package]]
name = "pytest"
version = "9.0.2"
source = { registry = "https://pypi.org/simple" }
dependencies = [
    { name = "colorama", marker = "sys_platform == 'win32'" },
    { name = "iniconfig" },
    { name = "packaging" },
    { name = "pluggy" },
    { name = "pygments" },
]
sdist = { url = "https://files.pythonhosted.org/packages/d1/db/7ef3487e0fb0049ddb5ce41d3a49c235bf9ad299b6a25d5780a89f19230f/pytest-9.0.2.tar.gz", hash = "sha256:75186651a92bd89611d1d9fc20f0b4345fd827c41ccd5c299a868a05d70edf11", size = 1568901, upload-time = "2025-12-06T21:30:51.014Z" }
wheels = [
    { url = "https://files.pythonhosted.org/packages/3b/ab/b3226f0bd7cdcf710fbede2b3548584366da3b19b5021e74f5bde2a8fa3f/pytest-9.0.2-py3-none-any.whl", hash = "sha256:711ffd45bf766d5264d487b917733b453d917afd2b0ad65223959f59089f875b", size = 374801, upload-time = "2025-12-06T21:30:49.154Z" },
]

[[package]]
name = "rapidfuzz"
version = "3.14.3"
source = { registry = "https://pypi.org/simple" }
sdist = { url = "https://files.pythonhosted.org/packages/d3/28/9d808fe62375b9aab5ba92fa9b29371297b067c2790b2d7cda648b1e2f8d/rapidfuzz-3.14.3.tar.gz", hash = "sha256:2491937177868bc4b1e469087601d53f925e8d270ccc21e07404b4b5814b7b5f", size = 57863900, upload-time = "2025-11-01T11:54:52.321Z" }
wheels = [
    { url = "https://files.pythonhosted.org/packages/e4/4f/0d94d09646853bd26978cb3a7541b6233c5760687777fa97da8de0d9a6ac/rapidfuzz-3.14.3-cp313-cp313-macosx_10_13_x86_64.whl", hash = "sha256:dbcb726064b12f356bf10fffdb6db4b6dce5390b23627c08652b3f6e49aa56ae", size = 1939646, upload-time = "2025-11-01T11:53:25.292Z" },
    { url = "https://files.pythonhosted.org/packages/b6/eb/f96aefc00f3bbdbab9c0657363ea8437a207d7545ac1c3789673e05d80bd/rapidfuzz-3.14.3-cp313-cp313-macosx_11_0_arm64.whl", hash = "sha256:1704fc70d214294e554a2421b473779bcdeef715881c5e927dc0f11e1692a0ff", size = 1385512, upload-time = "2025-11-01T11:53:27.594Z" },
    { url = "https://files.pythonhosted.org/packages/26/34/71c4f7749c12ee223dba90017a5947e8f03731a7cc9f489b662a8e9e643d/rapidfuzz-3.14.3-cp313-cp313-manylinux_2_26_aarch64.manylinux_2_28_aarch64.whl", hash = "sha256:cc65e72790ddfd310c2c8912b45106e3800fefe160b0c2ef4d6b6fec4e826457", size = 1373571, upload-time = "2025-11-01T11:53:29.096Z" },
    { url = "https://files.pythonhosted.org/packages/32/00/ec8597a64f2be301ce1ee3290d067f49f6a7afb226b67d5f15b56d772ba5/rapidfuzz-3.14.3-cp313-cp313-manylinux_2_27_x86_64.manylinux_2_28_x86_64.whl", hash = "sha256:43e38c1305cffae8472572a0584d4ffc2f130865586a81038ca3965301f7c97c", size = 3156759, upload-time = "2025-11-01T11:53:30.777Z" },
    { url = "https://files.pythonhosted.org/packages/61/d5/b41eeb4930501cc899d5a9a7b5c9a33d85a670200d7e81658626dcc0ecc0/rapidfuzz-3.14.3-cp313-cp313-manylinux_2_31_armv7l.whl", hash = "sha256:e195a77d06c03c98b3fc06b8a28576ba824392ce40de8c708f96ce04849a052e", size = 1222067, upload-time = "2025-11-01T11:53:32.334Z" },
    { url = "https://files.pythonhosted.org/packages/2a/7d/6d9abb4ffd1027c6ed837b425834f3bed8344472eb3a503ab55b3407c721/rapidfuzz-3.14.3-cp313-cp313-musllinux_1_2_aarch64.whl", hash = "sha256:1b7ef2f4b8583a744338a18f12c69693c194fb6777c0e9ada98cd4d9e8f09d10", size = 2394775, upload-time = "2025-11-01T11:53:34.24Z" },
    { url = "https://files.pythonhosted.org/packages/15/ce/4f3ab4c401c5a55364da1ffff8cc879fc97b4e5f4fa96033827da491a973/rapidfuzz-3.14.3-cp313-cp313-musllinux_1_2_armv7l.whl", hash = "sha256:a2135b138bcdcb4c3742d417f215ac2d8c2b87bde15b0feede231ae95f09ec41", size = 2526123, upload-time = "2025-11-01T11:53:35.779Z" },
    { url = "https://files.pythonhosted.org/packages/c1/4b/54f804975376a328f57293bd817c12c9036171d15cf7292032e3f5820b2d/rapidfuzz-3.14.3-cp313-cp313-musllinux_1_2_x86_64.whl", hash = "sha256:33a325ed0e8e1aa20c3e75f8ab057a7b248fdea7843c2a19ade0008906c14af0", size = 4262874, upload-time = "2025-11-01T11:53:37.866Z" },
    { url = "https://files.pythonhosted.org/packages/e9/b6/958db27d8a29a50ee6edd45d33debd3ce732e7209183a72f57544cd5fe22/rapidfuzz-3.14.3-cp313-cp313-win32.whl", hash = "sha256:8383b6d0d92f6cd008f3c9216535be215a064b2cc890398a678b56e6d280cb63", size = 1707972, upload-time = "2025-11-01T11:53:39.442Z" },
    { url = "https://files.pythonhosted.org/packages/07/75/fde1f334b0cec15b5946d9f84d73250fbfcc73c236b4bc1b25129d90876b/rapidfuzz-3.14.3-cp313-cp313-win_amd64.whl", hash = "sha256:e6b5e3036976f0fde888687d91be86d81f9ac5f7b02e218913c38285b756be6c", size = 1537011, upload-time = "2025-11-01T11:53:40.92Z" },
    { url = "https://files.pythonhosted.org/packages/2e/d7/d83fe001ce599dc7ead57ba1debf923dc961b6bdce522b741e6b8c82f55c/rapidfuzz-3.14.3-cp313-cp313-win_arm64.whl", hash = "sha256:7ba009977601d8b0828bfac9a110b195b3e4e79b350dcfa48c11269a9f1918a0", size = 810744, upload-time = "2025-11-01T11:53:42.723Z" },
    { url = "https://files.pythonhosted.org/packages/92/13/a486369e63ff3c1a58444d16b15c5feb943edd0e6c28a1d7d67cb8946b8f/rapidfuzz-3.14.3-cp313-cp313t-macosx_10_13_x86_64.whl", hash = "sha256:a0a28add871425c2fe94358c6300bbeb0bc2ed828ca003420ac6825408f5a424", size = 1967702, upload-time = "2025-11-01T11:53:44.554Z" },
    { url = "https://files.pythonhosted.org/packages/f1/82/efad25e260b7810f01d6b69122685e355bed78c94a12784bac4e0beb2afb/rapidfuzz-3.14.3-cp313-cp313t-macosx_11_0_arm64.whl", hash = "sha256:010e12e2411a4854b0434f920e72b717c43f8ec48d57e7affe5c42ecfa05dd0e", size = 1410702, upload-time = "2025-11-01T11:53:46.066Z" },
    { url = "https://files.pythonhosted.org/packages/ba/1a/34c977b860cde91082eae4a97ae503f43e0d84d4af301d857679b66f9869/rapidfuzz-3.14.3-cp313-cp313t-manylinux_2_26_aarch64.manylinux_2_28_aarch64.whl", hash = "sha256:5cfc3d57abd83c734d1714ec39c88a34dd69c85474918ebc21296f1e61eb5ca8", size = 1382337, upload-time = "2025-11-01T11:53:47.62Z" },
    { url = "https://files.pythonhosted.org/packages/88/74/f50ea0e24a5880a9159e8fd256b84d8f4634c2f6b4f98028bdd31891d907/rapidfuzz-3.14.3-cp313-cp313t-manylinux_2_27_x86_64.manylinux_2_28_x86_64.whl", hash = "sha256:89acb8cbb52904f763e5ac238083b9fc193bed8d1f03c80568b20e4cef43a519", size = 3165563, upload-time = "2025-11-01T11:53:49.216Z" },
    { url = "https://files.pythonhosted.org/packages/e8/7a/e744359404d7737049c26099423fc54bcbf303de5d870d07d2fb1410f567/rapidfuzz-3.14.3-cp313-cp313t-manylinux_2_31_armv7l.whl", hash = "sha256:7d9af908c2f371bfb9c985bd134e295038e3031e666e4b2ade1e7cb7f5af2f1a", size = 1214727, upload-time = "2025-11-01T11:53:50.883Z" },
    { url = "https://files.pythonhosted.org/packages/d3/2e/87adfe14ce75768ec6c2b8acd0e05e85e84be4be5e3d283cdae360afc4fe/rapidfuzz-3.14.3-cp313-cp313t-musllinux_1_2_aarch64.whl", hash = "sha256:1f1925619627f8798f8c3a391d81071336942e5fe8467bc3c567f982e7ce2897", size = 2403349, upload-time = "2025-11-01T11:53:52.322Z" },
    { url = "https://files.pythonhosted.org/packages/70/17/6c0b2b2bff9c8b12e12624c07aa22e922b0c72a490f180fa9183d1ef2c75/rapidfuzz-3.14.3-cp313-cp313t-musllinux_1_2_armv7l.whl", hash = "sha256:152555187360978119e98ce3e8263d70dd0c40c7541193fc302e9b7125cf8f58", size = 2507596, upload-time = "2025-11-01T11:53:53.835Z" },
    { url = "https://files.pythonhosted.org/packages/c3/d1/87852a7cbe4da7b962174c749a47433881a63a817d04f3e385ea9babcd9e/rapidfuzz-3.14.3-cp313-cp313t-musllinux_1_2_x86_64.whl", hash = "sha256:52619d25a09546b8db078981ca88939d72caa6b8701edd8b22e16482a38e799f", size = 4273595, upload-time = "2025-11-01T11:53:55.961Z" },
    { url = "https://files.pythonhosted.org/packages/c1/ab/1d0354b7d1771a28fa7fe089bc23acec2bdd3756efa2419f463e3ed80e16/rapidfuzz-3.14.3-cp313-cp313t-win32.whl", hash = "sha256:489ce98a895c98cad284f0a47960c3e264c724cb4cfd47a1430fa091c0c25204", size = 1757773, upload-time = "2025-11-01T11:53:57.628Z" },
    { url = "https://files.pythonhosted.org/packages/0b/0c/71ef356adc29e2bdf74cd284317b34a16b80258fa0e7e242dd92cc1e6d10/rapidfuzz-3.14.3-cp313-cp313t-win_amd64.whl", hash = "sha256:656e52b054d5b5c2524169240e50cfa080b04b1c613c5f90a2465e84888d6f15", size = 1576797, upload-time = "2025-11-01T11:53:59.455Z" },
    { url = "https://files.pythonhosted.org/packages/fe/d2/0e64fc27bb08d4304aa3d11154eb5480bcf5d62d60140a7ee984dc07468a/rapidfuzz-3.14.3-cp313-cp313t-win_arm64.whl", hash = "sha256:c7e40c0a0af02ad6e57e89f62bef8604f55a04ecae90b0ceeda591bbf5923317", size = 829940, upload-time = "2025-11-01T11:54:01.1Z" },
    { url = "https://files.pythonhosted.org/packages/32/6f/1b88aaeade83abc5418788f9e6b01efefcd1a69d65ded37d89cd1662be41/rapidfuzz-3.14.3-cp314-cp314-macosx_10_15_x86_64.whl", hash = "sha256:442125473b247227d3f2de807a11da6c08ccf536572d1be943f8e262bae7e4ea", size = 1942086, upload-time = "2025-11-01T11:54:02.592Z" },
    { url = "https://files.pythonhosted.org/packages/a0/2c/b23861347436cb10f46c2bd425489ec462790faaa360a54a7ede5f78de88/rapidfuzz-3.14.3-cp314-cp314-macosx_11_0_arm64.whl", hash = "sha256:1ec0c8c0c3d4f97ced46b2e191e883f8c82dbbf6d5ebc1842366d7eff13cd5a6", size = 1386993, upload-time = "2025-11-01T11:54:04.12Z" },
    { url = "https://files.pythonhosted.org/packages/83/86/5d72e2c060aa1fbdc1f7362d938f6b237dff91f5b9fc5dd7cc297e112250/rapidfuzz-3.14.3-cp314-cp314-manylinux_2_26_aarch64.manylinux_2_28_aarch64.whl", hash = "sha256:2dc37bc20272f388b8c3a4eba4febc6e77e50a8f450c472def4751e7678f55e4", size = 1379126, upload-time = "2025-11-01T11:54:05.777Z" },
    { url = "https://files.pythonhosted.org/packages/c9/bc/ef2cee3e4d8b3fc22705ff519f0d487eecc756abdc7c25d53686689d6cf2/rapidfuzz-3.14.3-cp314-cp314-manylinux_2_27_x86_64.manylinux_2_28_x86_64.whl", hash = "sha256:dee362e7e79bae940a5e2b3f6d09c6554db6a4e301cc68343886c08be99844f1", size = 3159304, upload-time = "2025-11-01T11:54:07.351Z" },
    { url = "https://files.pythonhosted.org/packages/a0/36/dc5f2f62bbc7bc90be1f75eeaf49ed9502094bb19290dfb4747317b17f12/rapidfuzz-3.14.3-cp314-cp314-manylinux_2_31_armv7l.whl", hash = "sha256:4b39921df948388a863f0e267edf2c36302983459b021ab928d4b801cbe6a421", size = 1218207, upload-time = "2025-11-01T11:54:09.641Z" },
    { url = "https://files.pythonhosted.org/packages/df/7e/8f4be75c1bc62f47edf2bbbe2370ee482fae655ebcc4718ac3827ead3904/rapidfuzz-3.14.3-cp314-cp314-musllinux_1_2_aarch64.whl", hash = "sha256:beda6aa9bc44d1d81242e7b291b446be352d3451f8217fcb068fc2933927d53b", size = 2401245, upload-time = "2025-11-01T11:54:11.543Z" },
    { url = "https://files.pythonhosted.org/packages/05/38/f7c92759e1bb188dd05b80d11c630ba59b8d7856657baf454ff56059c2ab/rapidfuzz-3.14.3-cp314-cp314-musllinux_1_2_armv7l.whl", hash = "sha256:6a014ba09657abfcfeed64b7d09407acb29af436d7fc075b23a298a7e4a6b41c", size = 2518308, upload-time = "2025-11-01T11:54:13.134Z" },
    { url = "https://files.pythonhosted.org/packages/c7/ac/85820f70fed5ecb5f1d9a55f1e1e2090ef62985ef41db289b5ac5ec56e28/rapidfuzz-3.14.3-cp314-cp314-musllinux_1_2_x86_64.whl", hash = "sha256:32eeafa3abce138bb725550c0e228fc7eaeec7059aa8093d9cbbec2b58c2371a", size = 4265011, upload-time = "2025-11-01T11:54:15.087Z" },
    { url = "https://files.pythonhosted.org/packages/46/a9/616930721ea9835c918af7cde22bff17f9db3639b0c1a7f96684be7f5630/rapidfuzz-3.14.3-cp314-cp314-win32.whl", hash = "sha256:adb44d996fc610c7da8c5048775b21db60dd63b1548f078e95858c05c86876a3", size = 1742245, upload-time = "2025-11-01T11:54:17.19Z" },
    { url = "https://files.pythonhosted.org/packages/06/8a/f2fa5e9635b1ccafda4accf0e38246003f69982d7c81f2faa150014525a4/rapidfuzz-3.14.3-cp314-cp314-win_amd64.whl", hash = "sha256:f3d15d8527e2b293e38ce6e437631af0708df29eafd7c9fc48210854c94472f9", size = 1584856, upload-time = "2025-11-01T11:54:18.764Z" },
    { url = "https://files.pythonhosted.org/packages/ef/97/09e20663917678a6d60d8e0e29796db175b1165e2079830430342d5298be/rapidfuzz-3.14.3-cp314-cp314-win_arm64.whl", hash = "sha256:576e4b9012a67e0bf54fccb69a7b6c94d4e86a9540a62f1a5144977359133583", size = 833490, upload-time = "2025-11-01T11:54:20.753Z" },
    { url = "https://files.pythonhosted.org/packages/03/1b/6b6084576ba87bf21877c77218a0c97ba98cb285b0c02eaaee3acd7c4513/rapidfuzz-3.14.3-cp314-cp314t-macosx_10_15_x86_64.whl", hash = "sha256:cec3c0da88562727dd5a5a364bd9efeb535400ff0bfb1443156dd139a1dd7b50", size = 1968658, upload-time = "2025-11-01T11:54:22.25Z" },
    { url = "https://files.pythonhosted.org/packages/38/c0/fb02a0db80d95704b0a6469cc394e8c38501abf7e1c0b2afe3261d1510c2/rapidfuzz-3.14.3-cp314-cp314t-macosx_11_0_arm64.whl", hash = "sha256:d1fa009f8b1100e4880868137e7bf0501422898f7674f2adcd85d5a67f041296", size = 1410742, upload-time = "2025-11-01T11:54:23.863Z" },
    { url = "https://files.pythonhosted.org/packages/a4/72/3fbf12819fc6afc8ec75a45204013b40979d068971e535a7f3512b05e765/rapidfuzz-3.14.3-cp314-cp314t-manylinux_2_26_aarch64.manylinux_2_28_aarch64.whl", hash = "sha256:1b86daa7419b5e8b180690efd1fdbac43ff19230803282521c5b5a9c83977655", size = 1382810, upload-time = "2025-11-01T11:54:25.571Z" },
    { url = "https://files.pythonhosted.org/packages/0f/18/0f1991d59bb7eee28922a00f79d83eafa8c7bfb4e8edebf4af2a160e7196/rapidfuzz-3.14.3-cp314-cp314t-manylinux_2_27_x86_64.manylinux_2_28_x86_64.whl", hash = "sha256:c7bd1816db05d6c5ffb3a4df0a2b7b56fb8c81ef584d08e37058afa217da91b1", size = 3166349, upload-time = "2025-11-01T11:54:27.195Z" },
    { url = "https://files.pythonhosted.org/packages/0d/f0/baa958b1989c8f88c78bbb329e969440cf330b5a01a982669986495bb980/rapidfuzz-3.14.3-cp314-cp314t-manylinux_2_31_armv7l.whl", hash = "sha256:33da4bbaf44e9755b0ce192597f3bde7372fe2e381ab305f41b707a95ac57aa7", size = 1214994, upload-time = "2025-11-01T11:54:28.821Z" },
    { url = "https://files.pythonhosted.org/packages/e4/a0/cd12ec71f9b2519a3954febc5740291cceabc64c87bc6433afcb36259f3b/rapidfuzz-3.14.3-cp314-cp314t-musllinux_1_2_aarch64.whl", hash = "sha256:3fecce764cf5a991ee2195a844196da840aba72029b2612f95ac68a8b74946bf", size = 2403919, upload-time = "2025-11-01T11:54:30.393Z" },
    { url = "https://files.pythonhosted.org/packages/0b/ce/019bd2176c1644098eced4f0595cb4b3ef52e4941ac9a5854f209d0a6e16/rapidfuzz-3.14.3-cp314-cp314t-musllinux_1_2_armv7l.whl", hash = "sha256:ecd7453e02cf072258c3a6b8e930230d789d5d46cc849503729f9ce475d0e785", size = 2508346, upload-time = "2025-11-01T11:54:32.048Z" },
    { url = "https://files.pythonhosted.org/packages/23/f8/be16c68e2c9e6c4f23e8f4adbb7bccc9483200087ed28ff76c5312da9b14/rapidfuzz-3.14.3-cp314-cp314t-musllinux_1_2_x86_64.whl", hash = "sha256:ea188aa00e9bcae8c8411f006a5f2f06c4607a02f24eab0d8dc58566aa911f35", size = 4274105, upload-time = "2025-11-01T11:54:33.701Z" },
    { url = "https://files.pythonhosted.org/packages/a1/d1/5ab148e03f7e6ec8cd220ccf7af74d3aaa4de26dd96df58936beb7cba820/rapidfuzz-3.14.3-cp314-cp314t-win32.whl", hash = "sha256:7ccbf68100c170e9a0581accbe9291850936711548c6688ce3bfb897b8c589ad", size = 1793465, upload-time = "2025-11-01T11:54:35.331Z" },
    { url = "https://files.pythonhosted.org/packages/cd/97/433b2d98e97abd9fff1c470a109b311669f44cdec8d0d5aa250aceaed1fb/rapidfuzz-3.14.3-cp314-cp314t-win_amd64.whl", hash = "sha256:9ec02e62ae765a318d6de38df609c57fc6dacc65c0ed1fd489036834fd8a620c", size = 1623491, upload-time = "2025-11-01T11:54:38.085Z" },
    { url = "https://files.pythonhosted.org/packages/e2/f6/e2176eb94f94892441bce3ddc514c179facb65db245e7ce3356965595b19/rapidfuzz-3.14.3-cp314-cp314t-win_arm64.whl", hash = "sha256:e805e52322ae29aa945baf7168b6c898120fbc16d2b8f940b658a5e9e3999253", size = 851487, upload-time = "2025-11-01T11:54:40.176Z" },
]

[[package]]
name = "ruff"
version = "0.15.8"
source = { registry = "https://pypi.org/simple" }
sdist = { url = "https://files.pythonhosted.org/packages/14/b0/73cf7550861e2b4824950b8b52eebdcc5adc792a00c514406556c5b80817/ruff-0.15.8.tar.gz", hash = "sha256:995f11f63597ee362130d1d5a327a87cb6f3f5eae3094c620bcc632329a4d26e", size = 4610921, upload-time = "2026-03-26T18:39:38.675Z" }
wheels = [
    { url = "https://files.pythonhosted.org/packages/4a/92/c445b0cd6da6e7ae51e954939cb69f97e008dbe750cfca89b8cedc081be7/ruff-0.15.8-py3-none-linux_armv6l.whl", hash = "sha256:cbe05adeba76d58162762d6b239c9056f1a15a55bd4b346cfd21e26cd6ad7bc7", size = 10527394, upload-time = "2026-03-26T18:39:41.566Z" },
    { url = "https://files.pythonhosted.org/packages/eb/92/f1c662784d149ad1414cae450b082cf736430c12ca78367f20f5ed569d65/ruff-0.15.8-py3-none-macosx_10_12_x86_64.whl", hash = "sha256:d3e3d0b6ba8dca1b7ef9ab80a28e840a20070c4b62e56d675c24f366ef330570", size = 10905693, upload-time = "2026-03-26T18:39:30.364Z" },
    { url = "https://files.pythonhosted.org/packages/ca/f2/7a631a8af6d88bcef997eb1bf87cc3da158294c57044aafd3e17030613de/ruff-0.15.8-py3-none-macosx_11_0_arm64.whl", hash = "sha256:6ee3ae5c65a42f273f126686353f2e08ff29927b7b7e203b711514370d500de3", size = 10323044, upload-time = "2026-03-26T18:39:33.37Z" },
    { url = "https://files.pythonhosted.org/packages/67/18/1bf38e20914a05e72ef3b9569b1d5c70a7ef26cd188d69e9ca8ef588d5bf/ruff-0.15.8-py3-none-manylinux_2_17_aarch64.manylinux2014_aarch64.whl", hash = "sha256:fdce027ada77baa448077ccc6ebb2fa9c3c62fd110d8659d601cf2f475858d94", size = 10629135, upload-time = "2026-03-26T18:39:44.142Z" },
    { url = "https://files.pythonhosted.org/packages/d2/e9/138c150ff9af60556121623d41aba18b7b57d95ac032e177b6a53789d279/ruff-0.15.8-py3-none-manylinux_2_17_armv7l.manylinux2014_armv7l.whl", hash = "sha256:12e617fc01a95e5821648a6df341d80456bd627bfab8a829f7cfc26a14a4b4a3", size = 10348041, upload-time = "2026-03-26T18:39:52.178Z" },
    { url = "https://files.pythonhosted.org/packages/02/f1/5bfb9298d9c323f842c5ddeb85f1f10ef51516ac7a34ba446c9347d898df/ruff-0.15.8-py3-none-manylinux_2_17_i686.manylinux2014_i686.whl", hash = "sha256:432701303b26416d22ba696c39f2c6f12499b89093b61360abc34bcc9bf07762", size = 11121987, upload-time = "2026-03-26T18:39:55.195Z" },
    { url = "https://files.pythonhosted.org/packages/10/11/6da2e538704e753c04e8d86b1fc55712fdbdcc266af1a1ece7a51fff0d10/ruff-0.15.8-py3-none-manylinux_2_17_ppc64le.manylinux2014_ppc64le.whl", hash = "sha256:d910ae974b7a06a33a057cb87d2a10792a3b2b3b35e33d2699fdf63ec8f6b17a", size = 11951057, upload-time = "2026-03-26T18:39:19.18Z" },
    { url = "https://files.pythonhosted.org/packages/83/f0/c9208c5fd5101bf87002fed774ff25a96eea313d305f1e5d5744698dc314/ruff-0.15.8-py3-none-manylinux_2_17_s390x.manylinux2014_s390x.whl", hash = "sha256:2033f963c43949d51e6fdccd3946633c6b37c484f5f98c3035f49c27395a8ab8", size = 11464613, upload-time = "2026-03-26T18:40:06.301Z" },
    { url = "https://files.pythonhosted.org/packages/f8/22/d7f2fabdba4fae9f3b570e5605d5eb4500dcb7b770d3217dca4428484b17/ruff-0.15.8-py3-none-manylinux_2_17_x86_64.manylinux2014_x86_64.whl", hash = "sha256:0f29b989a55572fb885b77464cf24af05500806ab4edf9a0fd8977f9759d85b1", size = 11257557, upload-time = "2026-03-26T18:39:57.972Z" },
    { url = "https://files.pythonhosted.org/packages/71/8c/382a9620038cf6906446b23ce8632ab8c0811b8f9d3e764f58bedd0c9a6f/ruff-0.15.8-py3-none-manylinux_2_31_riscv64.whl", hash = "sha256:ac51d486bf457cdc985a412fb1801b2dfd1bd8838372fc55de64b1510eff4bec", size = 11169440, upload-time = "2026-03-26T18:39:22.205Z" },
    { url = "https://files.pythonhosted.org/packages/4d/0d/0994c802a7eaaf99380085e4e40c845f8e32a562e20a38ec06174b52ef24/ruff-0.15.8-py3-none-musllinux_1_2_aarch64.whl", hash = "sha256:c9861eb959edab053c10ad62c278835ee69ca527b6dcd72b47d5c1e5648964f6", size = 10605963, upload-time = "2026-03-26T18:39:46.682Z" },
    { url = "https://files.pythonhosted.org/packages/19/aa/d624b86f5b0aad7cef6bbf9cd47a6a02dfdc4f72c92a337d724e39c9d14b/ruff-0.15.8-py3-none-musllinux_1_2_armv7l.whl", hash = "sha256:8d9a5b8ea13f26ae90838afc33f91b547e61b794865374f114f349e9036835fb", size = 10357484, upload-time = "2026-03-26T18:39:49.176Z" },
    { url = "https://files.pythonhosted.org/packages/35/c3/e0b7835d23001f7d999f3895c6b569927c4d39912286897f625736e1fd04/ruff-0.15.8-py3-none-musllinux_1_2_i686.whl", hash = "sha256:c2a33a529fb3cbc23a7124b5c6ff121e4d6228029cba374777bd7649cc8598b8", size = 10830426, upload-time = "2026-03-26T18:40:03.702Z" },
    { url = "https://files.pythonhosted.org/packages/f0/51/ab20b322f637b369383adc341d761eaaa0f0203d6b9a7421cd6e783d81b9/ruff-0.15.8-py3-none-musllinux_1_2_x86_64.whl", hash = "sha256:75e5cd06b1cf3f47a3996cfc999226b19aa92e7cce682dcd62f80d7035f98f49", size = 11345125, upload-time = "2026-03-26T18:39:27.799Z" },
    { url = "https://files.pythonhosted.org/packages/37/e6/90b2b33419f59d0f2c4c8a48a4b74b460709a557e8e0064cf33ad894f983/ruff-0.15.8-py3-none-win32.whl", hash = "sha256:bc1f0a51254ba21767bfa9a8b5013ca8149dcf38092e6a9eb704d876de94dc34", size = 10571959, upload-time = "2026-03-26T18:39:36.117Z" },
    { url = "https://files.pythonhosted.org/packages/1f/a2/ef467cb77099062317154c63f234b8a7baf7cb690b99af760c5b68b9ee7f/ruff-0.15.8-py3-none-win_amd64.whl", hash = "sha256:04f79eff02a72db209d47d665ba7ebcad609d8918a134f86cb13dd132159fc89", size = 11743893, upload-time = "2026-03-26T18:39:25.01Z" },
    { url = "https://files.pythonhosted.org/packages/15/e2/77be4fff062fa78d9b2a4dea85d14785dac5f1d0c1fb58ed52331f0ebe28/ruff-0.15.8-py3-none-win_arm64.whl", hash = "sha256:cf891fa8e3bb430c0e7fac93851a5978fc99c8fa2c053b57b118972866f8e5f2", size = 11048175, upload-time = "2026-03-26T18:40:01.06Z" },
]

[[package]]
name = "smmap"
version = "5.0.3"
source = { registry = "https://pypi.org/simple" }
sdist = { url = "https://files.pythonhosted.org/packages/1f/ea/49c993d6dfdd7338c9b1000a0f36817ed7ec84577ae2e52f890d1a4ff909/smmap-5.0.3.tar.gz", hash = "sha256:4d9debb8b99007ae47165abc08670bd74cb74b5227dda7f643eccc4e9eb5642c", size = 22506, upload-time = "2026-03-09T03:43:26.1Z" }
wheels = [
    { url = "https://files.pythonhosted.org/packages/c1/d4/59e74daffcb57a07668852eeeb6035af9f32cbfd7a1d2511f17d2fe6a738/smmap-5.0.3-py3-none-any.whl", hash = "sha256:c106e05d5a61449cf6ba9a1e650227ecfb141590d2a98412103ff35d89fc7b2f", size = 24390, upload-time = "2026-03-09T03:43:24.361Z" },
]

[[package]]
name = "thefuzz"
version = "0.22.1"
source = { registry = "https://pypi.org/simple" }
dependencies = [
    { name = "rapidfuzz" },
]
sdist = { url = "https://files.pythonhosted.org/packages/81/4b/d3eb25831590d6d7d38c2f2e3561d3ba41d490dc89cd91d9e65e7c812508/thefuzz-0.22.1.tar.gz", hash = "sha256:7138039a7ecf540da323792d8592ef9902b1d79eb78c147d4f20664de79f3680", size = 19993, upload-time = "2024-01-19T19:18:23.135Z" }
wheels = [
    { url = "https://files.pythonhosted.org/packages/82/4f/1695e70ceb3604f19eda9908e289c687ea81c4fecef4d90a9d1d0f2f7ae9/thefuzz-0.22.1-py3-none-any.whl", hash = "sha256:59729b33556850b90e1093c4cf9e618af6f2e4c985df193fdf3c5b5cf02ca481", size = 8245, upload-time = "2024-01-19T19:18:20.362Z" },
]

[[package]]
name = "typing"
version = "3.10.0.0"
source = { registry = "https://pypi.org/simple" }
sdist = { url = "https://files.pythonhosted.org/packages/b0/1b/835d4431805939d2996f8772aca1d2313a57e8860fec0e48e8e7dfe3a477/typing-3.10.0.0.tar.gz", hash = "sha256:13b4ad211f54ddbf93e5901a9967b1e07720c1d1b78d596ac6a439641aa1b130", size = 78962, upload-time = "2021-05-01T18:03:58.186Z" }
wheels = [
    { url = "https://files.pythonhosted.org/packages/f2/5d/865e17349564eb1772688d8afc5e3081a5964c640d64d1d2880ebaed002d/typing-3.10.0.0-py3-none-any.whl", hash = "sha256:12fbdfbe7d6cca1a42e485229afcb0b0c8259258cfb919b8a5e2a5c953742f89", size = 26320, upload-time = "2021-05-01T18:03:56.398Z" },
]

[[package]]
name = "typing-extensions"
version = "4.15.0"
source = { registry = "https://pypi.org/simple" }
sdist = { url = "https://files.pythonhosted.org/packages/72/94/1a15dd82efb362ac84269196e94cf00f187f7ed21c242792a923cdb1c61f/typing_extensions-4.15.0.tar.gz", hash = "sha256:0cea48d173cc12fa28ecabc3b837ea3cf6f38c6d1136f85cbaaf598984861466", size = 109391, upload-time = "2025-08-25T13:49:26.313Z" }
wheels = [
    { url = "https://files.pythonhosted.org/packages/18/67/36e9267722cc04a6b9f15c7f3441c2363321a3ea07da7ae0c0707beb2a9c/typing_extensions-4.15.0-py3-none-any.whl", hash = "sha256:f0fa19c6845758ab08074a0cfa8b7aecb71c999ca73d62883bc25cc018c4e548", size = 44614, upload-time = "2025-08-25T13:49:24.86Z" },
]
